// !$*UTF8*$!
{
	archiveVersion = 1;
	classes = {
	};
	objectVersion = 50;
	objects = {

/* Begin PBXBuildFile section */
		7D0DB13C256D6A1800497303 /* AppDelegate.m in Sources */ = {isa = PBXBuildFile; fileRef = 7D0DB13B256D6A1800497303 /* AppDelegate.m */; };
		7D0DB13F256D6A1800497303 /* SceneDelegate.m in Sources */ = {isa = PBXBuildFile; fileRef = 7D0DB13E256D6A1800497303 /* SceneDelegate.m */; };
		7D0DB142256D6A1800497303 /* ViewController.m in Sources */ = {isa = PBXBuildFile; fileRef = 7D0DB141256D6A1800497303 /* ViewController.m */; };
		7D0DB145256D6A1800497303 /* Main.storyboard in Resources */ = {isa = PBXBuildFile; fileRef = 7D0DB143256D6A1800497303 /* Main.storyboard */; };
		7D0DB148256D6A1800497303 /* gitApiTest.xcdatamodeld in Sources */ = {isa = PBXBuildFile; fileRef = 7D0DB146256D6A1800497303 /* gitApiTest.xcdatamodeld */; };
		7D0DB14A256D6A1900497303 /* Assets.xcassets in Resources */ = {isa = PBXBuildFile; fileRef = 7D0DB149256D6A1900497303 /* Assets.xcassets */; };
		7D0DB14D256D6A1900497303 /* LaunchScreen.storyboard in Resources */ = {isa = PBXBuildFile; fileRef = 7D0DB14B256D6A1900497303 /* LaunchScreen.storyboard */; };
		7D0DB150256D6A1900497303 /* main.m in Sources */ = {isa = PBXBuildFile; fileRef = 7D0DB14F256D6A1900497303 /* main.m */; };
		7D0DB164256D7B4500497303 /* GitApiManager.m in Sources */ = {isa = PBXBuildFile; fileRef = 7D0DB160256D77A200497303 /* GitApiManager.m */; };
		7D0DB166256D7B5200497303 /* RepoDetails.m in Sources */ = {isa = PBXBuildFile; fileRef = 7D0DB162256D78A400497303 /* RepoDetails.m */; };
		7D75414F257012CB00F723F5 /* RepoTableViewCell.m in Sources */ = {isa = PBXBuildFile; fileRef = 7D75414D257012CB00F723F5 /* RepoTableViewCell.m */; };
		7D754150257012CB00F723F5 /* RepoTableViewCell.xib in Resources */ = {isa = PBXBuildFile; fileRef = 7D75414E257012CB00F723F5 /* RepoTableViewCell.xib */; };
/* End PBXBuildFile section */

/* Begin PBXFileReference section */
		7D0DB137256D6A1800497303 /* gitApiTest.app */ = {isa = PBXFileReference; explicitFileType = wrapper.application; includeInIndex = 0; path = gitApiTest.app; sourceTree = BUILT_PRODUCTS_DIR; };
		7D0DB13A256D6A1800497303 /* AppDelegate.h */ = {isa = PBXFileReference; lastKnownFileType = sourcecode.c.h; path = AppDelegate.h; sourceTree = "<group>"; };
		7D0DB13B256D6A1800497303 /* AppDelegate.m */ = {isa = PBXFileReference; lastKnownFileType = sourcecode.c.objc; path = AppDelegate.m; sourceTree = "<group>"; };
		7D0DB13D256D6A1800497303 /* SceneDelegate.h */ = {isa = PBXFileReference; lastKnownFileType = sourcecode.c.h; path = SceneDelegate.h; sourceTree = "<group>"; };
		7D0DB13E256D6A1800497303 /* SceneDelegate.m */ = {isa = PBXFileReference; lastKnownFileType = sourcecode.c.objc; path = SceneDelegate.m; sourceTree = "<group>"; };
		7D0DB140256D6A1800497303 /* ViewController.h */ = {isa = PBXFileReference; lastKnownFileType = sourcecode.c.h; path = ViewController.h; sourceTree = "<group>"; };
		7D0DB141256D6A1800497303 /* ViewController.m */ = {isa = PBXFileReference; lastKnownFileType = sourcecode.c.objc; path = ViewController.m; sourceTree = "<group>"; };
		7D0DB144256D6A1800497303 /* Base */ = {isa = PBXFileReference; lastKnownFileType = file.storyboard; name = Base; path = Base.lproj/Main.storyboard; sourceTree = "<group>"; };
		7D0DB147256D6A1800497303 /* gitApiTest.xcdatamodel */ = {isa = PBXFileReference; lastKnownFileType = wrapper.xcdatamodel; path = gitApiTest.xcdatamodel; sourceTree = "<group>"; };
		7D0DB149256D6A1900497303 /* Assets.xcassets */ = {isa = PBXFileReference; lastKnownFileType = folder.assetcatalog; path = Assets.xcassets; sourceTree = "<group>"; };
		7D0DB14C256D6A1900497303 /* Base */ = {isa = PBXFileReference; lastKnownFileType = file.storyboard; name = Base; path = Base.lproj/LaunchScreen.storyboard; sourceTree = "<group>"; };
		7D0DB14E256D6A1900497303 /* Info.plist */ = {isa = PBXFileReference; lastKnownFileType = text.plist.xml; path = Info.plist; sourceTree = "<group>"; };
		7D0DB14F256D6A1900497303 /* main.m */ = {isa = PBXFileReference; lastKnownFileType = sourcecode.c.objc; path = main.m; sourceTree = "<group>"; };
		7D0DB15F256D77A200497303 /* GitApiManager.h */ = {isa = PBXFileReference; lastKnownFileType = sourcecode.c.h; path = GitApiManager.h; sourceTree = "<group>"; };
		7D0DB160256D77A200497303 /* GitApiManager.m */ = {isa = PBXFileReference; lastKnownFileType = sourcecode.c.objc; path = GitApiManager.m; sourceTree = "<group>"; };
		7D0DB161256D78A400497303 /* RepoDetails.h */ = {isa = PBXFileReference; lastKnownFileType = sourcecode.c.h; path = RepoDetails.h; sourceTree = "<group>"; };
		7D0DB162256D78A400497303 /* RepoDetails.m */ = {isa = PBXFileReference; lastKnownFileType = sourcecode.c.objc; path = RepoDetails.m; sourceTree = "<group>"; };
		7D75414C257012CB00F723F5 /* RepoTableViewCell.h */ = {isa = PBXFileReference; lastKnownFileType = sourcecode.c.h; path = RepoTableViewCell.h; sourceTree = "<group>"; };
		7D75414D257012CB00F723F5 /* RepoTableViewCell.m */ = {isa = PBXFileReference; lastKnownFileType = sourcecode.c.objc; path = RepoTableViewCell.m; sourceTree = "<group>"; };
		7D75414E257012CB00F723F5 /* RepoTableViewCell.xib */ = {isa = PBXFileReference; lastKnownFileType = file.xib; path = RepoTableViewCell.xib; sourceTree = "<group>"; };
/* End PBXFileReference section */

/* Begin PBXFrameworksBuildPhase section */
		7D0DB134256D6A1800497303 /* Frameworks */ = {
			isa = PBXFrameworksBuildPhase;
			buildActionMask = 2147483647;
			files = (
			);
			runOnlyForDeploymentPostprocessing = 0;
		};
/* End PBXFrameworksBuildPhase section */

/* Begin PBXGroup section */
		7D0DB12E256D6A1800497303 = {
			isa = PBXGroup;
			children = (
				7D0DB139256D6A1800497303 /* gitApiTest */,
				7D0DB138256D6A1800497303 /* Products */,
			);
			sourceTree = "<group>";
		};
		7D0DB138256D6A1800497303 /* Products */ = {
			isa = PBXGroup;
			children = (
				7D0DB137256D6A1800497303 /* gitApiTest.app */,
			);
			name = Products;
			sourceTree = "<group>";
		};
		7D0DB139256D6A1800497303 /* gitApiTest */ = {
			isa = PBXGroup;
			children = (
				7D8251F325712D2D00DC8824 /* models */,
				7D0DB157256D767D00497303 /* api */,
				7D8251F425712ED900DC8824 /* database */,
				7D54C0F4256EE89200ED6957 /* UI */,
				7D0DB13A256D6A1800497303 /* AppDelegate.h */,
				7D0DB13B256D6A1800497303 /* AppDelegate.m */,
				7D0DB13D256D6A1800497303 /* SceneDelegate.h */,
				7D0DB13E256D6A1800497303 /* SceneDelegate.m */,
				7D0DB140256D6A1800497303 /* ViewController.h */,
				7D0DB141256D6A1800497303 /* ViewController.m */,
				7D0DB143256D6A1800497303 /* Main.storyboard */,
				7D0DB149256D6A1900497303 /* Assets.xcassets */,
				7D0DB14B256D6A1900497303 /* LaunchScreen.storyboard */,
				7D0DB14E256D6A1900497303 /* Info.plist */,
				7D0DB14F256D6A1900497303 /* main.m */,
				7D0DB146256D6A1800497303 /* gitApiTest.xcdatamodeld */,
			);
			path = gitApiTest;
			sourceTree = "<group>";
		};
		7D0DB157256D767D00497303 /* api */ = {
			isa = PBXGroup;
			children = (
				7D0DB15F256D77A200497303 /* GitApiManager.h */,
				7D0DB160256D77A200497303 /* GitApiManager.m */,
			);
			path = api;
			sourceTree = "<group>";
		};
		7D54C0F4256EE89200ED6957 /* UI */ = {
			isa = PBXGroup;
			children = (
				7D75414C257012CB00F723F5 /* RepoTableViewCell.h */,
				7D75414D257012CB00F723F5 /* RepoTableViewCell.m */,
				7D75414E257012CB00F723F5 /* RepoTableViewCell.xib */,
			);
			path = UI;
			sourceTree = "<group>";
		};
		7D8251F325712D2D00DC8824 /* models */ = {
			isa = PBXGroup;
			children = (
				7D0DB161256D78A400497303 /* RepoDetails.h */,
				7D0DB162256D78A400497303 /* RepoDetails.m */,
			);
			path = models;
			sourceTree = "<group>";
		};
		7D8251F425712ED900DC8824 /* database */ = {
			isa = PBXGroup;
			children = (
			);
			path = database;
			sourceTree = "<group>";
		};
/* End PBXGroup section */

/* Begin PBXNativeTarget section */
		7D0DB136256D6A1800497303 /* gitApiTest */ = {
			isa = PBXNativeTarget;
			buildConfigurationList = 7D0DB153256D6A1900497303 /* Build configuration list for PBXNativeTarget "gitApiTest" */;
			buildPhases = (
				7D0DB133256D6A1800497303 /* Sources */,
				7D0DB134256D6A1800497303 /* Frameworks */,
				7D0DB135256D6A1800497303 /* Resources */,
			);
			buildRules = (
			);
			dependencies = (
			);
			name = gitApiTest;
			productName = gitApiTest;
			productReference = 7D0DB137256D6A1800497303 /* gitApiTest.app */;
			productType = "com.apple.product-type.application";
		};
/* End PBXNativeTarget section */

/* Begin PBXProject section */
		7D0DB12F256D6A1800497303 /* Project object */ = {
			isa = PBXProject;
			attributes = {
				LastUpgradeCheck = 1200;
				TargetAttributes = {
					7D0DB136256D6A1800497303 = {
						CreatedOnToolsVersion = 12.0;
					};
				};
			};
			buildConfigurationList = 7D0DB132256D6A1800497303 /* Build configuration list for PBXProject "gitApiTest" */;
			compatibilityVersion = "Xcode 9.3";
			developmentRegion = en;
			hasScannedForEncodings = 0;
			knownRegions = (
				en,
				Base,
			);
			mainGroup = 7D0DB12E256D6A1800497303;
			productRefGroup = 7D0DB138256D6A1800497303 /* Products */;
			projectDirPath = "";
			projectRoot = "";
			targets = (
				7D0DB136256D6A1800497303 /* gitApiTest */,
			);
		};
/* End PBXProject section */

/* Begin PBXResourcesBuildPhase section */
		7D0DB135256D6A1800497303 /* Resources */ = {
			isa = PBXResourcesBuildPhase;
			buildActionMask = 2147483647;
			files = (
				7D0DB14D256D6A1900497303 /* LaunchScreen.storyboard in Resources */,
				7D0DB14A256D6A1900497303 /* Assets.xcassets in Resources */,
				7D0DB145256D6A1800497303 /* Main.storyboard in Resources */,
				7D754150257012CB00F723F5 /* RepoTableViewCell.xib in Resources */,
			);
			runOnlyForDeploymentPostprocessing = 0;
		};
/* End PBXResourcesBuildPhase section */

/* Begin PBXSourcesBuildPhase section */
		7D0DB133256D6A1800497303 /* Sources */ = {
			isa = PBXSourcesBuildPhase;
			buildActionMask = 2147483647;
			files = (
				7D0DB150256D6A1900497303 /* main.m in Sources */,
				7D0DB166256D7B5200497303 /* RepoDetails.m in Sources */,
				7D0DB164256D7B4500497303 /* GitApiManager.m in Sources */,
				7D0DB142256D6A1800497303 /* ViewController.m in Sources */,
				7D0DB148256D6A1800497303 /* gitApiTest.xcdatamodeld in Sources */,
				7D0DB13C256D6A1800497303 /* AppDelegate.m in Sources */,
				7D75414F257012CB00F723F5 /* RepoTableViewCell.m in Sources */,
				7D0DB13F256D6A1800497303 /* SceneDelegate.m in Sources */,
			);
			runOnlyForDeploymentPostprocessing = 0;
		};
/* End PBXSourcesBuildPhase section */

/* Begin PBXVariantGroup section */
		7D0DB143256D6A1800497303 /* Main.storyboard */ = {
			isa = PBXVariantGroup;
			children = (
				7D0DB144256D6A1800497303 /* Base */,
			);
			name = Main.storyboard;
			sourceTree = "<group>";
		};
		7D0DB14B256D6A1900497303 /* LaunchScreen.storyboard */ = {
			isa = PBXVariantGroup;
			children = (
				7D0DB14C256D6A1900497303 /* Base */,
			);
			name = LaunchScreen.storyboard;
			sourceTree = "<group>";
		};
/* End PBXVariantGroup section */

/* Begin XCBuildConfiguration section */
		7D0DB151256D6A1900497303 /* Debug */ = {
			isa = XCBuildConfiguration;
			buildSettings = {
				ALWAYS_SEARCH_USER_PATHS = NO;
				CLANG_ANALYZER_NONNULL = YES;
				CLANG_ANALYZER_NUMBER_OBJECT_CONVERSION = YES_AGGRESSIVE;
				CLANG_CXX_LANGUAGE_STANDARD = "gnu++14";
				CLANG_CXX_LIBRARY = "libc++";
				CLANG_ENABLE_MODULES = YES;
				CLANG_ENABLE_OBJC_ARC = YES;
				CLANG_ENABLE_OBJC_WEAK = YES;
				CLANG_WARN_BLOCK_CAPTURE_AUTORELEASING = YES;
				CLANG_WARN_BOOL_CONVERSION = YES;
				CLANG_WARN_COMMA = YES;
				CLANG_WARN_CONSTANT_CONVERSION = YES;
				CLANG_WARN_DEPRECATED_OBJC_IMPLEMENTATIONS = YES;
				CLANG_WARN_DIRECT_OBJC_ISA_USAGE = YES_ERROR;
				CLANG_WARN_DOCUMENTATION_COMMENTS = YES;
				CLANG_WARN_EMPTY_BODY = YES;
				CLANG_WARN_ENUM_CONVERSION = YES;
				CLANG_WARN_INFINITE_RECURSION = YES;
				CLANG_WARN_INT_CONVERSION = YES;
				CLANG_WARN_NON_LITERAL_NULL_CONVERSION = YES;
				CLANG_WARN_OBJC_IMPLICIT_RETAIN_SELF = YES;
				CLANG_WARN_OBJC_LITERAL_CONVERSION = YES;
				CLANG_WARN_OBJC_ROOT_CLASS = YES_ERROR;
				CLANG_WARN_QUOTED_INCLUDE_IN_FRAMEWORK_HEADER = YES;
				CLANG_WARN_RANGE_LOOP_ANALYSIS = YES;
				CLANG_WARN_STRICT_PROTOTYPES = YES;
				CLANG_WARN_SUSPICIOUS_MOVE = YES;
				CLANG_WARN_UNGUARDED_AVAILABILITY = YES_AGGRESSIVE;
				CLANG_WARN_UNREACHABLE_CODE = YES;
				CLANG_WARN__DUPLICATE_METHOD_MATCH = YES;
				COPY_PHASE_STRIP = NO;
				DEBUG_INFORMATION_FORMAT = dwarf;
				ENABLE_STRICT_OBJC_MSGSEND = YES;
				ENABLE_TESTABILITY = YES;
				GCC_C_LANGUAGE_STANDARD = gnu11;
				GCC_DYNAMIC_NO_PIC = NO;
				GCC_NO_COMMON_BLOCKS = YES;
				GCC_OPTIMIZATION_LEVEL = 0;
				GCC_PREPROCESSOR_DEFINITIONS = (
					"DEBUG=1",
					"$(inherited)",
				);
				GCC_WARN_64_TO_32_BIT_CONVERSION = YES;
				GCC_WARN_ABOUT_RETURN_TYPE = YES_ERROR;
				GCC_WARN_UNDECLARED_SELECTOR = YES;
				GCC_WARN_UNINITIALIZED_AUTOS = YES_AGGRESSIVE;
				GCC_WARN_UNUSED_FUNCTION = YES;
				GCC_WARN_UNUSED_VARIABLE = YES;
				IPHONEOS_DEPLOYMENT_TARGET = 14.0;
				MTL_ENABLE_DEBUG_INFO = INCLUDE_SOURCE;
				MTL_FAST_MATH = YES;
				ONLY_ACTIVE_ARCH = YES;
				SDKROOT = iphoneos;
			};
			name = Debug;
		};
		7D0DB152256D6A1900497303 /* Release */ = {
			isa = XCBuildConfiguration;
			buildSettings = {
				ALWAYS_SEARCH_USER_PATHS = NO;
				CLANG_ANALYZER_NONNULL = YES;
				CLANG_ANALYZER_NUMBER_OBJECT_CONVERSION = YES_AGGRESSIVE;
				CLANG_CXX_LANGUAGE_STANDARD = "gnu++14";
				CLANG_CXX_LIBRARY = "libc++";
				CLANG_ENABLE_MODULES = YES;
				CLANG_ENABLE_OBJC_ARC = YES;
				CLANG_ENABLE_OBJC_WEAK = YES;
				CLANG_WARN_BLOCK_CAPTURE_AUTORELEASING = YES;
				CLANG_WARN_BOOL_CONVERSION = YES;
				CLANG_WARN_COMMA = YES;
				CLANG_WARN_CONSTANT_CONVERSION = YES;
				CLANG_WARN_DEPRECATED_OBJC_IMPLEMENTATIONS = YES;
				CLANG_WARN_DIRECT_OBJC_ISA_USAGE = YES_ERROR;
				CLANG_WARN_DOCUMENTATION_COMMENTS = YES;
				CLANG_WARN_EMPTY_BODY = YES;
				CLANG_WARN_ENUM_CONVERSION = YES;
				CLANG_WARN_INFINITE_RECURSION = YES;
				CLANG_WARN_INT_CONVERSION = YES;
				CLANG_WARN_NON_LITERAL_NULL_CONVERSION = YES;
				CLANG_WARN_OBJC_IMPLICIT_RETAIN_SELF = YES;
				CLANG_WARN_OBJC_LITERAL_CONVERSION = YES;
				CLANG_WARN_OBJC_ROOT_CLASS = YES_ERROR;
				CLANG_WARN_QUOTED_INCLUDE_IN_FRAMEWORK_HEADER = YES;
				CLANG_WARN_RANGE_LOOP_ANALYSIS = YES;
				CLANG_WARN_STRICT_PROTOTYPES = YES;
				CLANG_WARN_SUSPICIOUS_MOVE = YES;
				CLANG_WARN_UNGUARDED_AVAILABILITY = YES_AGGRESSIVE;
				CLANG_WARN_UNREACHABLE_CODE = YES;
				CLANG_WARN__DUPLICATE_METHOD_MATCH = YES;
				COPY_PHASE_STRIP = NO;
				DEBUG_INFORMATION_FORMAT = "dwarf-with-dsym";
				ENABLE_NS_ASSERTIONS = NO;
				ENABLE_STRICT_OBJC_MSGSEND = YES;
				GCC_C_LANGUAGE_STANDARD = gnu11;
				GCC_NO_COMMON_BLOCKS = YES;
				GCC_WARN_64_TO_32_BIT_CONVERSION = YES;
				GCC_WARN_ABOUT_RETURN_TYPE = YES_ERROR;
				GCC_WARN_UNDECLARED_SELECTOR = YES;
				GCC_WARN_UNINITIALIZED_AUTOS = YES_AGGRESSIVE;
				GCC_WARN_UNUSED_FUNCTION = YES;
				GCC_WARN_UNUSED_VARIABLE = YES;
				IPHONEOS_DEPLOYMENT_TARGET = 14.0;
				MTL_ENABLE_DEBUG_INFO = NO;
				MTL_FAST_MATH = YES;
				SDKROOT = iphoneos;
				VALIDATE_PRODUCT = YES;
			};
			name = Release;
		};
		7D0DB154256D6A1900497303 /* Debug */ = {
			isa = XCBuildConfiguration;
			buildSettings = {
				ASSETCATALOG_COMPILER_APPICON_NAME = AppIcon;
				ASSETCATALOG_COMPILER_GLOBAL_ACCENT_COLOR_NAME = AccentColor;
				CODE_SIGN_STYLE = Automatic;
				INFOPLIST_FILE = gitApiTest/Info.plist;
				LD_RUNPATH_SEARCH_PATHS = (
					"$(inherited)",
					"@executable_path/Frameworks",
				);
				PRODUCT_BUNDLE_IDENTIFIER = some.gitApiTest;
				PRODUCT_NAME = "$(TARGET_NAME)";
				TARGETED_DEVICE_FAMILY = 1;
			};
			name = Debug;
		};
		7D0DB155256D6A1900497303 /* Release */ = {
			isa = XCBuildConfiguration;
			buildSettings = {
				ASSETCATALOG_COMPILER_APPICON_NAME = AppIcon;
				ASSETCATALOG_COMPILER_GLOBAL_ACCENT_COLOR_NAME = AccentColor;
				CODE_SIGN_STYLE = Automatic;
				INFOPLIST_FILE = gitApiTest/Info.plist;
				LD_RUNPATH_SEARCH_PATHS = (
					"$(inherited)",
					"@executable_path/Frameworks",
				);
				PRODUCT_BUNDLE_IDENTIFIER = some.gitApiTest;
				PRODUCT_NAME = "$(TARGET_NAME)";
				TARGETED_DEVICE_FAMILY = 1;
			};
			name = Release;
		};
/* End XCBuildConfiguration section */

/* Begin XCConfigurationList section */
		7D0DB132256D6A1800497303 /* Build configuration list for PBXProject "gitApiTest" */ = {
			isa = XCConfigurationList;
			buildConfigurations = (
				7D0DB151256D6A1900497303 /* Debug */,
				7D0DB152256D6A1900497303 /* Release */,
			);
			defaultConfigurationIsVisible = 0;
			defaultConfigurationName = Release;
		};
		7D0DB153256D6A1900497303 /* Build configuration list for PBXNativeTarget "gitApiTest" */ = {
			isa = XCConfigurationList;
			buildConfigurations = (
				7D0DB154256D6A1900497303 /* Debug */,
				7D0DB155256D6A1900497303 /* Release */,
			);
			defaultConfigurationIsVisible = 0;
			defaultConfigurationName = Release;
		};
/* End XCConfigurationList section */

/* Begin XCVersionGroup section */
		7D0DB146256D6A1800497303 /* gitApiTest.xcdatamodeld */ = {
			isa = XCVersionGroup;
			children = (
				7D0DB147256D6A1800497303 /* gitApiTest.xcdatamodel */,
			);
			currentVersion = 7D0DB147256D6A1800497303 /* gitApiTest.xcdatamodel */;
			path = gitApiTest.xcdatamodeld;
			sourceTree = "<group>";
			versionGroupType = wrapper.xcdatamodel;
		};
/* End XCVersionGroup section */
	};
	rootObject = 7D0DB12F256D6A1800497303 /* Project object */;
}
